
Microsoft Visual Studio Solution File, Format Version 12.00
Project("{FAE04EC0-301F-11D3-BF4B-00C04F79EFBC}") = "ParancssoriArgumentumok", "ParancssoriArgumentumok\ParancssoriArgumentumok.csproj", "{1C2BCA0F-75B6-4702-ABF7-3A981369F656}"
EndProject
Project("{FAE04EC0-301F-11D3-BF4B-00C04F79EFBC}") = "Rectangle", "Rectangle\Rectangle.csproj", "{EB71BF27-F6BF-4DBE-A6A5-EE8741CB6402}"
EndProject
Project("{FAE04EC0-301F-11D3-BF4B-00C04F79EFBC}") = "QuadraticEquation", "QuadraticEquation\QuadraticEquation.csproj", "{E1841CEF-F56F-4D9F-9967-DCA755317343}"
EndProject
Project("{FAE04EC0-301F-11D3-BF4B-00C04F79EFBC}") = "Account", "Account\Account.csproj", "{A37783CB-E68C-4784-9E41-3446578C755E}"
EndProject
Project("{FAE04EC0-301F-11D3-BF4B-00C04F79EFBC}") = "Fan", "Fan\Fan.csproj", "{235E259B-282B-4CBF-BCBC-373915BBFD3A}"
EndProject
Project("{FAE04EC0-301F-11D3-BF4B-00C04F79EFBC}") = "Sztringek", "Sztringek\Sztringek.csproj", "{8AEC60DD-187E-4ABA-AF12-281502D67723}"
EndProject
Project("{FAE04EC0-301F-11D3-BF4B-00C04F79EFBC}") = "VensegesVen", "VensegesVen\VensegesVen.csproj", "{284A7D62-1466-448D-87FB-06CAA4DF3071}"
EndProject
Project("{FAE04EC0-301F-11D3-BF4B-00C04F79EFBC}") = "Katasztrofak", "Katasztrofak\Katasztrofak.csproj", "{32C18583-031B-4DF3-9FD2-8E666B1A189C}"
EndProject
Project("{FAE04EC0-301F-11D3-BF4B-00C04F79EFBC}") = "KulcsErtek", "KulcsErtek\KulcsErtek.csproj", "{F50CDC28-06F9-4422-8281-2F57053A20F7}"
EndProject
Global
	GlobalSection(SolutionConfigurationPlatforms) = preSolution
		Debug|Any CPU = Debug|Any CPU
		Release|Any CPU = Release|Any CPU
	EndGlobalSection
	GlobalSection(ProjectConfigurationPlatforms) = postSolution
		{1C2BCA0F-75B6-4702-ABF7-3A981369F656}.Debug|Any CPU.ActiveCfg = Debug|Any CPU
		{1C2BCA0F-75B6-4702-ABF7-3A981369F656}.Debug|Any CPU.Build.0 = Debug|Any CPU
		{1C2BCA0F-75B6-4702-ABF7-3A981369F656}.Release|Any CPU.ActiveCfg = Release|Any CPU
		{1C2BCA0F-75B6-4702-ABF7-3A981369F656}.Release|Any CPU.Build.0 = Release|Any CPU
		{EB71BF27-F6BF-4DBE-A6A5-EE8741CB6402}.Debug|Any CPU.ActiveCfg = Debug|Any CPU
		{EB71BF27-F6BF-4DBE-A6A5-EE8741CB6402}.Debug|Any CPU.Build.0 = Debug|Any CPU
		{EB71BF27-F6BF-4DBE-A6A5-EE8741CB6402}.Release|Any CPU.ActiveCfg = Release|Any CPU
		{EB71BF27-F6BF-4DBE-A6A5-EE8741CB6402}.Release|Any CPU.Build.0 = Release|Any CPU
		{E1841CEF-F56F-4D9F-9967-DCA755317343}.Debug|Any CPU.ActiveCfg = Debug|Any CPU
		{E1841CEF-F56F-4D9F-9967-DCA755317343}.Debug|Any CPU.Build.0 = Debug|Any CPU
		{E1841CEF-F56F-4D9F-9967-DCA755317343}.Release|Any CPU.ActiveCfg = Release|Any CPU
		{E1841CEF-F56F-4D9F-9967-DCA755317343}.Release|Any CPU.Build.0 = Release|Any CPU
		{A37783CB-E68C-4784-9E41-3446578C755E}.Debug|Any CPU.ActiveCfg = Debug|Any CPU
		{A37783CB-E68C-4784-9E41-3446578C755E}.Debug|Any CPU.Build.0 = Debug|Any CPU
		{A37783CB-E68C-4784-9E41-3446578C755E}.Release|Any CPU.ActiveCfg = Release|Any CPU
		{A37783CB-E68C-4784-9E41-3446578C755E}.Release|Any CPU.Build.0 = Release|Any CPU
		{235E259B-282B-4CBF-BCBC-373915BBFD3A}.Debug|Any CPU.ActiveCfg = Debug|Any CPU
		{235E259B-282B-4CBF-BCBC-373915BBFD3A}.Debug|Any CPU.Build.0 = Debug|Any CPU
		{235E259B-282B-4CBF-BCBC-373915BBFD3A}.Release|Any CPU.ActiveCfg = Release|Any CPU
		{235E259B-282B-4CBF-BCBC-373915BBFD3A}.Release|Any CPU.Build.0 = Release|Any CPU
		{8AEC60DD-187E-4ABA-AF12-281502D67723}.Debug|Any CPU.ActiveCfg = Debug|Any CPU
		{8AEC60DD-187E-4ABA-AF12-281502D67723}.Debug|Any CPU.Build.0 = Debug|Any CPU
		{8AEC60DD-187E-4ABA-AF12-281502D67723}.Release|Any CPU.ActiveCfg = Release|Any CPU
		{8AEC60DD-187E-4ABA-AF12-281502D67723}.Release|Any CPU.Build.0 = Release|Any CPU
		{284A7D62-1466-448D-87FB-06CAA4DF3071}.Debug|Any CPU.ActiveCfg = Debug|Any CPU
		{284A7D62-1466-448D-87FB-06CAA4DF3071}.Debug|Any CPU.Build.0 = Debug|Any CPU
		{284A7D62-1466-448D-87FB-06CAA4DF3071}.Release|Any CPU.ActiveCfg = Release|Any CPU
		{284A7D62-1466-448D-87FB-06CAA4DF3071}.Release|Any CPU.Build.0 = Release|Any CPU
		{32C18583-031B-4DF3-9FD2-8E666B1A189C}.Debug|Any CPU.ActiveCfg = Debug|Any CPU
		{32C18583-031B-4DF3-9FD2-8E666B1A189C}.Debug|Any CPU.Build.0 = Debug|Any CPU
		{32C18583-031B-4DF3-9FD2-8E666B1A189C}.Release|Any CPU.ActiveCfg = Release|Any CPU
		{32C18583-031B-4DF3-9FD2-8E666B1A189C}.Release|Any CPU.Build.0 = Release|Any CPU
		{F50CDC28-06F9-4422-8281-2F57053A20F7}.Debug|Any CPU.ActiveCfg = Debug|Any CPU
		{F50CDC28-06F9-4422-8281-2F57053A20F7}.Debug|Any CPU.Build.0 = Debug|Any CPU
		{F50CDC28-06F9-4422-8281-2F57053A20F7}.Release|Any CPU.ActiveCfg = Release|Any CPU
		{F50CDC28-06F9-4422-8281-2F57053A20F7}.Release|Any CPU.Build.0 = Release|Any CPU
	EndGlobalSection
EndGlobal
